
Microsoft Visual Studio Solution File, Format Version 12.00
# Visual Studio Version 16
VisualStudioVersion = 16.0.30330.147
MinimumVisualStudioVersion = 10.0.40219.1
Project("{8BC9CEB8-8B4A-11D0-8D11-00A0C91BC942}") = "Complier", "Complier\Complier.vcxproj", "{45AEC7F5-D11B-469F-A90B-5370A97211CE}"
EndProject
Global
	GlobalSection(SolutionConfigurationPlatforms) = preSolution
		Debug|x64 = Debug|x64
		Debug|x86 = Debug|x86
		Release|x64 = Release|x64
		Release|x86 = Release|x86
	EndGlobalSection
	GlobalSection(ProjectConfigurationPlatforms) = postSolution
		{45AEC7F5-D11B-469F-A90B-5370A97211CE}.Debug|x64.ActiveCfg = Debug|x64
		{45AEC7F5-D11B-469F-A90B-5370A97211CE}.Debug|x64.Build.0 = Debug|x64
		{45AEC7F5-D11B-469F-A90B-5370A97211CE}.Debug|x86.ActiveCfg = Debug|Win32
		{45AEC7F5-D11B-469F-A90B-5370A97211CE}.Debug|x86.Build.0 = Debug|Win32
		{45AEC7F5-D11B-469F-A90B-5370A97211CE}.Release|x64.ActiveCfg = Release|x64
		{45AEC7F5-D11B-469F-A90B-5370A97211CE}.Release|x64.Build.0 = Release|x64
		{45AEC7F5-D11B-469F-A90B-5370A97211CE}.Release|x86.ActiveCfg = Release|Win32
		{45AEC7F5-D11B-469F-A90B-5370A97211CE}.Release|x86.Build.0 = Release|Win32
	EndGlobalSection
	GlobalSection(SolutionProperties) = preSolution
		HideSolutionNode = FALSE
	EndGlobalSection
	GlobalSection(ExtensibilityGlobals) = postSolution
		SolutionGuid = {D394A70E-B215-4757-84D1-AAD8DB33E0BE}
	EndGlobalSection
EndGlobal
